
Microsoft Visual Studio Solution File, Format Version 12.00
# Visual Studio Version 17
VisualStudioVersion = 17.6.33723.286
MinimumVisualStudioVersion = 10.0.40219.1
Project("{FAE04EC0-301F-11D3-BF4B-00C04F79EFBC}") = "BedenKitleEndeksi", "BedenKitleEndeksi\BedenKitleEndeksi.csproj", "{33C1231F-BC97-4BF6-9888-CAD07F1D88BD}"
EndProject
Global
	GlobalSection(SolutionConfigurationPlatforms) = preSolution
		Debug|Any CPU = Debug|Any CPU
		Release|Any CPU = Release|Any CPU
	EndGlobalSection
	GlobalSection(ProjectConfigurationPlatforms) = postSolution
		{33C1231F-BC97-4BF6-9888-CAD07F1D88BD}.Debug|Any CPU.ActiveCfg = Debug|Any CPU
		{33C1231F-BC97-4BF6-9888-CAD07F1D88BD}.Debug|Any CPU.Build.0 = Debug|Any CPU
		{33C1231F-BC97-4BF6-9888-CAD07F1D88BD}.Release|Any CPU.ActiveCfg = Release|Any CPU
		{33C1231F-BC97-4BF6-9888-CAD07F1D88BD}.Release|Any CPU.Build.0 = Release|Any CPU
	EndGlobalSection
	GlobalSection(SolutionProperties) = preSolution
		HideSolutionNode = FALSE
	EndGlobalSection
	GlobalSection(ExtensibilityGlobals) = postSolution
		SolutionGuid = {7F01CDC7-4743-40B4-91A9-6411411955E5}
	EndGlobalSection
EndGlobal
